// !$*UTF8*$!
{
	archiveVersion = 1;
	classes = {
	};
	objectVersion = 55;
	objects = {

/* Begin PBXBuildFile section */
		0724AF76197E106A79A6F057 /* Pods_TestProject_TestProjectUITests.framework in Frameworks */ = {isa = PBXBuildFile; fileRef = DF64FE869F732B0D261DE7E1 /* Pods_TestProject_TestProjectUITests.framework */; };
		3223E59128325210004E4D67 /* AppDelegate.swift in Sources */ = {isa = PBXBuildFile; fileRef = 3223E59028325210004E4D67 /* AppDelegate.swift */; };
		3223E59328325210004E4D67 /* SceneDelegate.swift in Sources */ = {isa = PBXBuildFile; fileRef = 3223E59228325210004E4D67 /* SceneDelegate.swift */; };
		3223E59828325210004E4D67 /* Main.storyboard in Resources */ = {isa = PBXBuildFile; fileRef = 3223E59628325210004E4D67 /* Main.storyboard */; };
		3223E59A28325215004E4D67 /* Assets.xcassets in Resources */ = {isa = PBXBuildFile; fileRef = 3223E59928325215004E4D67 /* Assets.xcassets */; };
		3223E59D28325215004E4D67 /* LaunchScreen.storyboard in Resources */ = {isa = PBXBuildFile; fileRef = 3223E59B28325215004E4D67 /* LaunchScreen.storyboard */; };
		3223E5A828325215004E4D67 /* TestProjectTests.swift in Sources */ = {isa = PBXBuildFile; fileRef = 3223E5A728325215004E4D67 /* TestProjectTests.swift */; };
		3223E5B228325215004E4D67 /* TestProjectUITests.swift in Sources */ = {isa = PBXBuildFile; fileRef = 3223E5B128325215004E4D67 /* TestProjectUITests.swift */; };
		3223E5B428325215004E4D67 /* TestProjectUITestsLaunchTests.swift in Sources */ = {isa = PBXBuildFile; fileRef = 3223E5B328325215004E4D67 /* TestProjectUITestsLaunchTests.swift */; };
		3223E5C328325314004E4D67 /* RestaurantsPresenter.swift in Sources */ = {isa = PBXBuildFile; fileRef = 3223E5C028325314004E4D67 /* RestaurantsPresenter.swift */; };
		3223E5C428325314004E4D67 /* RestaurantsTableViewCell.swift in Sources */ = {isa = PBXBuildFile; fileRef = 3223E5C128325314004E4D67 /* RestaurantsTableViewCell.swift */; };
		3223E5C528325314004E4D67 /* RestaurantsViewController.swift in Sources */ = {isa = PBXBuildFile; fileRef = 3223E5C228325314004E4D67 /* RestaurantsViewController.swift */; };
		3223E5C7283257E0004E4D67 /* RestaurantRestaurant.swift in Sources */ = {isa = PBXBuildFile; fileRef = 3223E5C6283257E0004E4D67 /* RestaurantRestaurant.swift */; };
		3223E5C9283257FA004E4D67 /* RestaurantsLocation.swift in Sources */ = {isa = PBXBuildFile; fileRef = 3223E5C8283257FA004E4D67 /* RestaurantsLocation.swift */; };
		3223E5CB2832584A004E4D67 /* ActivityView.swift in Sources */ = {isa = PBXBuildFile; fileRef = 3223E5CA2832584A004E4D67 /* ActivityView.swift */; };
		3223E5CD283258BF004E4D67 /* Restaurant.swift in Sources */ = {isa = PBXBuildFile; fileRef = 3223E5CC283258BF004E4D67 /* Restaurant.swift */; };
		3223E5CF28325910004E4D67 /* RestaurantsRestaurant.swift in Sources */ = {isa = PBXBuildFile; fileRef = 3223E5CE28325910004E4D67 /* RestaurantsRestaurant.swift */; };
		3223E5D1283259B9004E4D67 /* RestaurantUserLocation.swift in Sources */ = {isa = PBXBuildFile; fileRef = 3223E5D0283259B9004E4D67 /* RestaurantUserLocation.swift */; };
		3223E5D328325A1C004E4D67 /* DeliveryOrder.swift in Sources */ = {isa = PBXBuildFile; fileRef = 3223E5D228325A1C004E4D67 /* DeliveryOrder.swift */; };
		3223E5D528325A53004E4D67 /* ModelHelper.swift in Sources */ = {isa = PBXBuildFile; fileRef = 3223E5D428325A53004E4D67 /* ModelHelper.swift */; };
		3223E5D728325AA0004E4D67 /* Order.swift in Sources */ = {isa = PBXBuildFile; fileRef = 3223E5D628325AA0004E4D67 /* Order.swift */; };
		3223E5D928325AED004E4D67 /* InvitedOrder.swift in Sources */ = {isa = PBXBuildFile; fileRef = 3223E5D828325AED004E4D67 /* InvitedOrder.swift */; };
		3223E5DB28325BCC004E4D67 /* Scalable.swift in Sources */ = {isa = PBXBuildFile; fileRef = 3223E5DA28325BCC004E4D67 /* Scalable.swift */; };
		3223E5DD28325D8C004E4D67 /* ServerManager.swift in Sources */ = {isa = PBXBuildFile; fileRef = 3223E5DC28325D8C004E4D67 /* ServerManager.swift */; };
		3223E5DF28325F56004E4D67 /* ServerManagerResult.swift in Sources */ = {isa = PBXBuildFile; fileRef = 3223E5DE28325F56004E4D67 /* ServerManagerResult.swift */; };
		3223E5E128325FB4004E4D67 /* LoadedDataManager.swift in Sources */ = {isa = PBXBuildFile; fileRef = 3223E5E028325FB4004E4D67 /* LoadedDataManager.swift */; };
		3223E5E328326456004E4D67 /* RestaurantViewController.swift in Sources */ = {isa = PBXBuildFile; fileRef = 3223E5E228326456004E4D67 /* RestaurantViewController.swift */; };
		3223E5E5283264BA004E4D67 /* RestaurantPresenter.swift in Sources */ = {isa = PBXBuildFile; fileRef = 3223E5E4283264BA004E4D67 /* RestaurantPresenter.swift */; };
		3223E5E828326505004E4D67 /* RestaurantReview.swift in Sources */ = {isa = PBXBuildFile; fileRef = 3223E5E728326505004E4D67 /* RestaurantReview.swift */; };
		3223E5EA2832653A004E4D67 /* RestaurantNews.swift in Sources */ = {isa = PBXBuildFile; fileRef = 3223E5E92832653A004E4D67 /* RestaurantNews.swift */; };
		3223E5EC2832655F004E4D67 /* News.swift in Sources */ = {isa = PBXBuildFile; fileRef = 3223E5EB2832655F004E4D67 /* News.swift */; };
		3223E5EE283265B7004E4D67 /* RestaurantCollectionItem.swift in Sources */ = {isa = PBXBuildFile; fileRef = 3223E5ED283265B7004E4D67 /* RestaurantCollectionItem.swift */; };
		3223E5F128326763004E4D67 /* Comment.swift in Sources */ = {isa = PBXBuildFile; fileRef = 3223E5F028326763004E4D67 /* Comment.swift */; };
		3223E5F32832689F004E4D67 /* RestaurantRatingView.swift in Sources */ = {isa = PBXBuildFile; fileRef = 3223E5F22832689F004E4D67 /* RestaurantRatingView.swift */; };
		3223E5F5283268DA004E4D67 /* RestaurantReviewView.swift in Sources */ = {isa = PBXBuildFile; fileRef = 3223E5F4283268DA004E4D67 /* RestaurantReviewView.swift */; };
		3223E5F7283268FE004E4D67 /* RestaurantGalleryView.swift in Sources */ = {isa = PBXBuildFile; fileRef = 3223E5F6283268FE004E4D67 /* RestaurantGalleryView.swift */; };
		3223E5F92832692F004E4D67 /* RestaurantGalleryCollectionViewCell.swift in Sources */ = {isa = PBXBuildFile; fileRef = 3223E5F82832692F004E4D67 /* RestaurantGalleryCollectionViewCell.swift */; };
		3223E5FB2832695C004E4D67 /* RestaurantExitView.swift in Sources */ = {isa = PBXBuildFile; fileRef = 3223E5FA2832695C004E4D67 /* RestaurantExitView.swift */; };
		3223E5FD2832697D004E4D67 /* ActionSheetView.swift in Sources */ = {isa = PBXBuildFile; fileRef = 3223E5FC2832697D004E4D67 /* ActionSheetView.swift */; };
		3223E60128326A01004E4D67 /* RestaurantCollectionViewCell.swift in Sources */ = {isa = PBXBuildFile; fileRef = 3223E60028326A01004E4D67 /* RestaurantCollectionViewCell.swift */; };
		3223E60328326A62004E4D67 /* UIView+Extension.swift in Sources */ = {isa = PBXBuildFile; fileRef = 3223E60228326A62004E4D67 /* UIView+Extension.swift */; };
		3223E60528326D60004E4D67 /* RestaurantReviewCollectionViewCell.swift in Sources */ = {isa = PBXBuildFile; fileRef = 3223E60428326D60004E4D67 /* RestaurantReviewCollectionViewCell.swift */; };
		3223E60728326DC7004E4D67 /* RestaurantRatingView.xib in Resources */ = {isa = PBXBuildFile; fileRef = 3223E60628326DC7004E4D67 /* RestaurantRatingView.xib */; };
		3BA0B46752FCF2C8D5FED457 /* Pods_TestProject.framework in Frameworks */ = {isa = PBXBuildFile; fileRef = 305A50A6C81D2240EA6071E4 /* Pods_TestProject.framework */; };
		F108C2C886EBF62650BD1093 /* Pods_TestProjectTests.framework in Frameworks */ = {isa = PBXBuildFile; fileRef = 4A0562309D7CAAB6769874C4 /* Pods_TestProjectTests.framework */; };
/* End PBXBuildFile section */

/* Begin PBXContainerItemProxy section */
		3223E5A428325215004E4D67 /* PBXContainerItemProxy */ = {
			isa = PBXContainerItemProxy;
			containerPortal = 3223E58528325210004E4D67 /* Project object */;
			proxyType = 1;
			remoteGlobalIDString = 3223E58C28325210004E4D67;
			remoteInfo = TestProject;
		};
		3223E5AE28325215004E4D67 /* PBXContainerItemProxy */ = {
			isa = PBXContainerItemProxy;
			containerPortal = 3223E58528325210004E4D67 /* Project object */;
			proxyType = 1;
			remoteGlobalIDString = 3223E58C28325210004E4D67;
			remoteInfo = TestProject;
		};
/* End PBXContainerItemProxy section */

/* Begin PBXFileReference section */
		0C62E823812819A99E7867CD /* Pods-TestProject-TestProjectUITests.debug.xcconfig */ = {isa = PBXFileReference; includeInIndex = 1; lastKnownFileType = text.xcconfig; name = "Pods-TestProject-TestProjectUITests.debug.xcconfig"; path = "Target Support Files/Pods-TestProject-TestProjectUITests/Pods-TestProject-TestProjectUITests.debug.xcconfig"; sourceTree = "<group>"; };
		305A50A6C81D2240EA6071E4 /* Pods_TestProject.framework */ = {isa = PBXFileReference; explicitFileType = wrapper.framework; includeInIndex = 0; path = Pods_TestProject.framework; sourceTree = BUILT_PRODUCTS_DIR; };
		3223E58D28325210004E4D67 /* TestProject.app */ = {isa = PBXFileReference; explicitFileType = wrapper.application; includeInIndex = 0; path = TestProject.app; sourceTree = BUILT_PRODUCTS_DIR; };
		3223E59028325210004E4D67 /* AppDelegate.swift */ = {isa = PBXFileReference; lastKnownFileType = sourcecode.swift; path = AppDelegate.swift; sourceTree = "<group>"; };
		3223E59228325210004E4D67 /* SceneDelegate.swift */ = {isa = PBXFileReference; lastKnownFileType = sourcecode.swift; path = SceneDelegate.swift; sourceTree = "<group>"; };
		3223E59728325210004E4D67 /* Base */ = {isa = PBXFileReference; lastKnownFileType = file.storyboard; name = Base; path = Base.lproj/Main.storyboard; sourceTree = "<group>"; };
		3223E59928325215004E4D67 /* Assets.xcassets */ = {isa = PBXFileReference; lastKnownFileType = folder.assetcatalog; path = Assets.xcassets; sourceTree = "<group>"; };
		3223E59C28325215004E4D67 /* Base */ = {isa = PBXFileReference; lastKnownFileType = file.storyboard; name = Base; path = Base.lproj/LaunchScreen.storyboard; sourceTree = "<group>"; };
		3223E59E28325215004E4D67 /* Info.plist */ = {isa = PBXFileReference; lastKnownFileType = text.plist.xml; path = Info.plist; sourceTree = "<group>"; };
		3223E5A328325215004E4D67 /* TestProjectTests.xctest */ = {isa = PBXFileReference; explicitFileType = wrapper.cfbundle; includeInIndex = 0; path = TestProjectTests.xctest; sourceTree = BUILT_PRODUCTS_DIR; };
		3223E5A728325215004E4D67 /* TestProjectTests.swift */ = {isa = PBXFileReference; lastKnownFileType = sourcecode.swift; path = TestProjectTests.swift; sourceTree = "<group>"; };
		3223E5AD28325215004E4D67 /* TestProjectUITests.xctest */ = {isa = PBXFileReference; explicitFileType = wrapper.cfbundle; includeInIndex = 0; path = TestProjectUITests.xctest; sourceTree = BUILT_PRODUCTS_DIR; };
		3223E5B128325215004E4D67 /* TestProjectUITests.swift */ = {isa = PBXFileReference; lastKnownFileType = sourcecode.swift; path = TestProjectUITests.swift; sourceTree = "<group>"; };
		3223E5B328325215004E4D67 /* TestProjectUITestsLaunchTests.swift */ = {isa = PBXFileReference; lastKnownFileType = sourcecode.swift; path = TestProjectUITestsLaunchTests.swift; sourceTree = "<group>"; };
		3223E5C028325314004E4D67 /* RestaurantsPresenter.swift */ = {isa = PBXFileReference; fileEncoding = 4; lastKnownFileType = sourcecode.swift; path = RestaurantsPresenter.swift; sourceTree = "<group>"; };
		3223E5C128325314004E4D67 /* RestaurantsTableViewCell.swift */ = {isa = PBXFileReference; fileEncoding = 4; lastKnownFileType = sourcecode.swift; path = RestaurantsTableViewCell.swift; sourceTree = "<group>"; };
		3223E5C228325314004E4D67 /* RestaurantsViewController.swift */ = {isa = PBXFileReference; fileEncoding = 4; lastKnownFileType = sourcecode.swift; path = RestaurantsViewController.swift; sourceTree = "<group>"; };
		3223E5C6283257E0004E4D67 /* RestaurantRestaurant.swift */ = {isa = PBXFileReference; lastKnownFileType = sourcecode.swift; path = RestaurantRestaurant.swift; sourceTree = "<group>"; };
		3223E5C8283257FA004E4D67 /* RestaurantsLocation.swift */ = {isa = PBXFileReference; lastKnownFileType = sourcecode.swift; path = RestaurantsLocation.swift; sourceTree = "<group>"; };
		3223E5CA2832584A004E4D67 /* ActivityView.swift */ = {isa = PBXFileReference; lastKnownFileType = sourcecode.swift; path = ActivityView.swift; sourceTree = "<group>"; };
		3223E5CC283258BF004E4D67 /* Restaurant.swift */ = {isa = PBXFileReference; lastKnownFileType = sourcecode.swift; path = Restaurant.swift; sourceTree = "<group>"; };
		3223E5CE28325910004E4D67 /* RestaurantsRestaurant.swift */ = {isa = PBXFileReference; lastKnownFileType = sourcecode.swift; path = RestaurantsRestaurant.swift; sourceTree = "<group>"; };
		3223E5D0283259B9004E4D67 /* RestaurantUserLocation.swift */ = {isa = PBXFileReference; lastKnownFileType = sourcecode.swift; path = RestaurantUserLocation.swift; sourceTree = "<group>"; };
		3223E5D228325A1C004E4D67 /* DeliveryOrder.swift */ = {isa = PBXFileReference; lastKnownFileType = sourcecode.swift; path = DeliveryOrder.swift; sourceTree = "<group>"; };
		3223E5D428325A53004E4D67 /* ModelHelper.swift */ = {isa = PBXFileReference; lastKnownFileType = sourcecode.swift; path = ModelHelper.swift; sourceTree = "<group>"; };
		3223E5D628325AA0004E4D67 /* Order.swift */ = {isa = PBXFileReference; lastKnownFileType = sourcecode.swift; path = Order.swift; sourceTree = "<group>"; };
		3223E5D828325AED004E4D67 /* InvitedOrder.swift */ = {isa = PBXFileReference; lastKnownFileType = sourcecode.swift; path = InvitedOrder.swift; sourceTree = "<group>"; };
		3223E5DA28325BCC004E4D67 /* Scalable.swift */ = {isa = PBXFileReference; lastKnownFileType = sourcecode.swift; path = Scalable.swift; sourceTree = "<group>"; };
		3223E5DC28325D8C004E4D67 /* ServerManager.swift */ = {isa = PBXFileReference; lastKnownFileType = sourcecode.swift; path = ServerManager.swift; sourceTree = "<group>"; };
		3223E5DE28325F56004E4D67 /* ServerManagerResult.swift */ = {isa = PBXFileReference; lastKnownFileType = sourcecode.swift; path = ServerManagerResult.swift; sourceTree = "<group>"; };
		3223E5E028325FB4004E4D67 /* LoadedDataManager.swift */ = {isa = PBXFileReference; lastKnownFileType = sourcecode.swift; path = LoadedDataManager.swift; sourceTree = "<group>"; };
		3223E5E228326456004E4D67 /* RestaurantViewController.swift */ = {isa = PBXFileReference; lastKnownFileType = sourcecode.swift; path = RestaurantViewController.swift; sourceTree = "<group>"; };
		3223E5E4283264BA004E4D67 /* RestaurantPresenter.swift */ = {isa = PBXFileReference; lastKnownFileType = sourcecode.swift; path = RestaurantPresenter.swift; sourceTree = "<group>"; };
		3223E5E728326505004E4D67 /* RestaurantReview.swift */ = {isa = PBXFileReference; lastKnownFileType = sourcecode.swift; path = RestaurantReview.swift; sourceTree = "<group>"; };
		3223E5E92832653A004E4D67 /* RestaurantNews.swift */ = {isa = PBXFileReference; lastKnownFileType = sourcecode.swift; path = RestaurantNews.swift; sourceTree = "<group>"; };
		3223E5EB2832655F004E4D67 /* News.swift */ = {isa = PBXFileReference; lastKnownFileType = sourcecode.swift; path = News.swift; sourceTree = "<group>"; };
		3223E5ED283265B7004E4D67 /* RestaurantCollectionItem.swift */ = {isa = PBXFileReference; lastKnownFileType = sourcecode.swift; path = RestaurantCollectionItem.swift; sourceTree = "<group>"; };
		3223E5F028326763004E4D67 /* Comment.swift */ = {isa = PBXFileReference; lastKnownFileType = sourcecode.swift; path = Comment.swift; sourceTree = "<group>"; };
		3223E5F22832689F004E4D67 /* RestaurantRatingView.swift */ = {isa = PBXFileReference; lastKnownFileType = sourcecode.swift; path = RestaurantRatingView.swift; sourceTree = "<group>"; };
		3223E5F4283268DA004E4D67 /* RestaurantReviewView.swift */ = {isa = PBXFileReference; lastKnownFileType = sourcecode.swift; path = RestaurantReviewView.swift; sourceTree = "<group>"; };
		3223E5F6283268FE004E4D67 /* RestaurantGalleryView.swift */ = {isa = PBXFileReference; lastKnownFileType = sourcecode.swift; path = RestaurantGalleryView.swift; sourceTree = "<group>"; };
		3223E5F82832692F004E4D67 /* RestaurantGalleryCollectionViewCell.swift */ = {isa = PBXFileReference; lastKnownFileType = sourcecode.swift; path = RestaurantGalleryCollectionViewCell.swift; sourceTree = "<group>"; };
		3223E5FA2832695C004E4D67 /* RestaurantExitView.swift */ = {isa = PBXFileReference; lastKnownFileType = sourcecode.swift; path = RestaurantExitView.swift; sourceTree = "<group>"; };
		3223E5FC2832697D004E4D67 /* ActionSheetView.swift */ = {isa = PBXFileReference; lastKnownFileType = sourcecode.swift; path = ActionSheetView.swift; sourceTree = "<group>"; };
		3223E60028326A01004E4D67 /* RestaurantCollectionViewCell.swift */ = {isa = PBXFileReference; lastKnownFileType = sourcecode.swift; path = RestaurantCollectionViewCell.swift; sourceTree = "<group>"; };
		3223E60228326A62004E4D67 /* UIView+Extension.swift */ = {isa = PBXFileReference; lastKnownFileType = sourcecode.swift; path = "UIView+Extension.swift"; sourceTree = "<group>"; };
		3223E60428326D60004E4D67 /* RestaurantReviewCollectionViewCell.swift */ = {isa = PBXFileReference; lastKnownFileType = sourcecode.swift; path = RestaurantReviewCollectionViewCell.swift; sourceTree = "<group>"; };
		3223E60628326DC7004E4D67 /* RestaurantRatingView.xib */ = {isa = PBXFileReference; fileEncoding = 4; lastKnownFileType = file.xib; path = RestaurantRatingView.xib; sourceTree = "<group>"; };
		4A0562309D7CAAB6769874C4 /* Pods_TestProjectTests.framework */ = {isa = PBXFileReference; explicitFileType = wrapper.framework; includeInIndex = 0; path = Pods_TestProjectTests.framework; sourceTree = BUILT_PRODUCTS_DIR; };
		52746EE82BD55FAAFBC51A03 /* Pods-TestProjectTests.release.xcconfig */ = {isa = PBXFileReference; includeInIndex = 1; lastKnownFileType = text.xcconfig; name = "Pods-TestProjectTests.release.xcconfig"; path = "Target Support Files/Pods-TestProjectTests/Pods-TestProjectTests.release.xcconfig"; sourceTree = "<group>"; };
		67A674C72C51F92347CFC343 /* Pods-TestProject-TestProjectUITests.release.xcconfig */ = {isa = PBXFileReference; includeInIndex = 1; lastKnownFileType = text.xcconfig; name = "Pods-TestProject-TestProjectUITests.release.xcconfig"; path = "Target Support Files/Pods-TestProject-TestProjectUITests/Pods-TestProject-TestProjectUITests.release.xcconfig"; sourceTree = "<group>"; };
		A76090EB66C9727EEA196F49 /* Pods-TestProjectTests.debug.xcconfig */ = {isa = PBXFileReference; includeInIndex = 1; lastKnownFileType = text.xcconfig; name = "Pods-TestProjectTests.debug.xcconfig"; path = "Target Support Files/Pods-TestProjectTests/Pods-TestProjectTests.debug.xcconfig"; sourceTree = "<group>"; };
		B9BA83BA7CE66BD988658A91 /* Pods-TestProject.debug.xcconfig */ = {isa = PBXFileReference; includeInIndex = 1; lastKnownFileType = text.xcconfig; name = "Pods-TestProject.debug.xcconfig"; path = "Target Support Files/Pods-TestProject/Pods-TestProject.debug.xcconfig"; sourceTree = "<group>"; };
		DF64FE869F732B0D261DE7E1 /* Pods_TestProject_TestProjectUITests.framework */ = {isa = PBXFileReference; explicitFileType = wrapper.framework; includeInIndex = 0; path = Pods_TestProject_TestProjectUITests.framework; sourceTree = BUILT_PRODUCTS_DIR; };
		F345C80720C9B42FE9A1E239 /* Pods-TestProject.release.xcconfig */ = {isa = PBXFileReference; includeInIndex = 1; lastKnownFileType = text.xcconfig; name = "Pods-TestProject.release.xcconfig"; path = "Target Support Files/Pods-TestProject/Pods-TestProject.release.xcconfig"; sourceTree = "<group>"; };
/* End PBXFileReference section */

/* Begin PBXFrameworksBuildPhase section */
		3223E58A28325210004E4D67 /* Frameworks */ = {
			isa = PBXFrameworksBuildPhase;
			buildActionMask = 2147483647;
			files = (
				3BA0B46752FCF2C8D5FED457 /* Pods_TestProject.framework in Frameworks */,
			);
			runOnlyForDeploymentPostprocessing = 0;
		};
		3223E5A028325215004E4D67 /* Frameworks */ = {
			isa = PBXFrameworksBuildPhase;
			buildActionMask = 2147483647;
			files = (
				F108C2C886EBF62650BD1093 /* Pods_TestProjectTests.framework in Frameworks */,
			);
			runOnlyForDeploymentPostprocessing = 0;
		};
		3223E5AA28325215004E4D67 /* Frameworks */ = {
			isa = PBXFrameworksBuildPhase;
			buildActionMask = 2147483647;
			files = (
				0724AF76197E106A79A6F057 /* Pods_TestProject_TestProjectUITests.framework in Frameworks */,
			);
			runOnlyForDeploymentPostprocessing = 0;
		};
/* End PBXFrameworksBuildPhase section */

/* Begin PBXGroup section */
		2F49A77F461B8DAC6BB9C5D0 /* Pods */ = {
			isa = PBXGroup;
			children = (
				B9BA83BA7CE66BD988658A91 /* Pods-TestProject.debug.xcconfig */,
				F345C80720C9B42FE9A1E239 /* Pods-TestProject.release.xcconfig */,
				0C62E823812819A99E7867CD /* Pods-TestProject-TestProjectUITests.debug.xcconfig */,
				67A674C72C51F92347CFC343 /* Pods-TestProject-TestProjectUITests.release.xcconfig */,
				A76090EB66C9727EEA196F49 /* Pods-TestProjectTests.debug.xcconfig */,
				52746EE82BD55FAAFBC51A03 /* Pods-TestProjectTests.release.xcconfig */,
			);
			path = Pods;
			sourceTree = "<group>";
		};
		3223E58428325210004E4D67 = {
			isa = PBXGroup;
			children = (
				3223E58F28325210004E4D67 /* TestProject */,
				3223E5A628325215004E4D67 /* TestProjectTests */,
				3223E5B028325215004E4D67 /* TestProjectUITests */,
				3223E58E28325210004E4D67 /* Products */,
				2F49A77F461B8DAC6BB9C5D0 /* Pods */,
				5BC4104C427D72C8FF807E6E /* Frameworks */,
			);
			sourceTree = "<group>";
		};
		3223E58E28325210004E4D67 /* Products */ = {
			isa = PBXGroup;
			children = (
				3223E58D28325210004E4D67 /* TestProject.app */,
				3223E5A328325215004E4D67 /* TestProjectTests.xctest */,
				3223E5AD28325215004E4D67 /* TestProjectUITests.xctest */,
			);
			name = Products;
			sourceTree = "<group>";
		};
		3223E58F28325210004E4D67 /* TestProject */ = {
			isa = PBXGroup;
			children = (
				3223E59028325210004E4D67 /* AppDelegate.swift */,
				3223E59228325210004E4D67 /* SceneDelegate.swift */,
				3223E5E028325FB4004E4D67 /* LoadedDataManager.swift */,
				3223E5DA28325BCC004E4D67 /* Scalable.swift */,
				3223E5D628325AA0004E4D67 /* Order.swift */,
				3223E5D428325A53004E4D67 /* ModelHelper.swift */,
				3223E6082832B599004E4D67 /* List */,
				3223E60228326A62004E4D67 /* UIView+Extension.swift */,
				3223E5EF28326709004E4D67 /* ServerManager */,
				3223E5E6283264ED004E4D67 /* Detail */,
				3223E59628325210004E4D67 /* Main.storyboard */,
				3223E59928325215004E4D67 /* Assets.xcassets */,
				3223E59B28325215004E4D67 /* LaunchScreen.storyboard */,
				3223E59E28325215004E4D67 /* Info.plist */,
			);
			path = TestProject;
			sourceTree = "<group>";
		};
		3223E5A628325215004E4D67 /* TestProjectTests */ = {
			isa = PBXGroup;
			children = (
				3223E5A728325215004E4D67 /* TestProjectTests.swift */,
			);
			path = TestProjectTests;
			sourceTree = "<group>";
		};
		3223E5B028325215004E4D67 /* TestProjectUITests */ = {
			isa = PBXGroup;
			children = (
				3223E5B128325215004E4D67 /* TestProjectUITests.swift */,
				3223E5B328325215004E4D67 /* TestProjectUITestsLaunchTests.swift */,
			);
			path = TestProjectUITests;
			sourceTree = "<group>";
		};
		3223E5E6283264ED004E4D67 /* Detail */ = {
			isa = PBXGroup;
			children = (
				3223E5E228326456004E4D67 /* RestaurantViewController.swift */,
				3223E5E4283264BA004E4D67 /* RestaurantPresenter.swift */,
				3223E5E728326505004E4D67 /* RestaurantReview.swift */,
				3223E5E92832653A004E4D67 /* RestaurantNews.swift */,
				3223E5ED283265B7004E4D67 /* RestaurantCollectionItem.swift */,
				3223E5EB2832655F004E4D67 /* News.swift */,
				3223E5F028326763004E4D67 /* Comment.swift */,
				3223E5F22832689F004E4D67 /* RestaurantRatingView.swift */,
				3223E5F4283268DA004E4D67 /* RestaurantReviewView.swift */,
				3223E60628326DC7004E4D67 /* RestaurantRatingView.xib */,
				3223E60428326D60004E4D67 /* RestaurantReviewCollectionViewCell.swift */,
				3223E5F6283268FE004E4D67 /* RestaurantGalleryView.swift */,
				3223E5F82832692F004E4D67 /* RestaurantGalleryCollectionViewCell.swift */,
				3223E5FA2832695C004E4D67 /* RestaurantExitView.swift */,
				3223E5FC2832697D004E4D67 /* ActionSheetView.swift */,
				3223E60028326A01004E4D67 /* RestaurantCollectionViewCell.swift */,
			);
			path = Detail;
			sourceTree = "<group>";
		};
		3223E5EF28326709004E4D67 /* ServerManager */ = {
			isa = PBXGroup;
			children = (
				3223E5DC28325D8C004E4D67 /* ServerManager.swift */,
				3223E5DE28325F56004E4D67 /* ServerManagerResult.swift */,
			);
			path = ServerManager;
			sourceTree = "<group>";
		};
		3223E6082832B599004E4D67 /* List */ = {
			isa = PBXGroup;
			children = (
				3223E5C028325314004E4D67 /* RestaurantsPresenter.swift */,
				3223E5D828325AED004E4D67 /* InvitedOrder.swift */,
				3223E5D228325A1C004E4D67 /* DeliveryOrder.swift */,
				3223E5C128325314004E4D67 /* RestaurantsTableViewCell.swift */,
				3223E5C228325314004E4D67 /* RestaurantsViewController.swift */,
				3223E5C6283257E0004E4D67 /* RestaurantRestaurant.swift */,
				3223E5C8283257FA004E4D67 /* RestaurantsLocation.swift */,
				3223E5CE28325910004E4D67 /* RestaurantsRestaurant.swift */,
				3223E5D0283259B9004E4D67 /* RestaurantUserLocation.swift */,
				3223E5CA2832584A004E4D67 /* ActivityView.swift */,
				3223E5CC283258BF004E4D67 /* Restaurant.swift */,
			);
			path = List;
			sourceTree = "<group>";
		};
		5BC4104C427D72C8FF807E6E /* Frameworks */ = {
			isa = PBXGroup;
			children = (
				305A50A6C81D2240EA6071E4 /* Pods_TestProject.framework */,
				DF64FE869F732B0D261DE7E1 /* Pods_TestProject_TestProjectUITests.framework */,
				4A0562309D7CAAB6769874C4 /* Pods_TestProjectTests.framework */,
			);
			name = Frameworks;
			sourceTree = "<group>";
		};
/* End PBXGroup section */

/* Begin PBXNativeTarget section */
		3223E58C28325210004E4D67 /* TestProject */ = {
			isa = PBXNativeTarget;
			buildConfigurationList = 3223E5B728325215004E4D67 /* Build configuration list for PBXNativeTarget "TestProject" */;
			buildPhases = (
				AB2C765037F381F0BCB38408 /* [CP] Check Pods Manifest.lock */,
				3223E58928325210004E4D67 /* Sources */,
				3223E58A28325210004E4D67 /* Frameworks */,
				3223E58B28325210004E4D67 /* Resources */,
				EAF969EB9A61D55EEEABA078 /* [CP] Embed Pods Frameworks */,
			);
			buildRules = (
			);
			dependencies = (
			);
			name = TestProject;
			productName = TestProject;
			productReference = 3223E58D28325210004E4D67 /* TestProject.app */;
			productType = "com.apple.product-type.application";
		};
		3223E5A228325215004E4D67 /* TestProjectTests */ = {
			isa = PBXNativeTarget;
			buildConfigurationList = 3223E5BA28325215004E4D67 /* Build configuration list for PBXNativeTarget "TestProjectTests" */;
			buildPhases = (
				4FAC9F9CD50494A7363EA407 /* [CP] Check Pods Manifest.lock */,
				3223E59F28325215004E4D67 /* Sources */,
				3223E5A028325215004E4D67 /* Frameworks */,
				3223E5A128325215004E4D67 /* Resources */,
			);
			buildRules = (
			);
			dependencies = (
				3223E5A528325215004E4D67 /* PBXTargetDependency */,
			);
			name = TestProjectTests;
			productName = TestProjectTests;
			productReference = 3223E5A328325215004E4D67 /* TestProjectTests.xctest */;
			productType = "com.apple.product-type.bundle.unit-test";
		};
		3223E5AC28325215004E4D67 /* TestProjectUITests */ = {
			isa = PBXNativeTarget;
			buildConfigurationList = 3223E5BD28325215004E4D67 /* Build configuration list for PBXNativeTarget "TestProjectUITests" */;
			buildPhases = (
				BFAF4A8BAE3EDD8D18754946 /* [CP] Check Pods Manifest.lock */,
				3223E5A928325215004E4D67 /* Sources */,
				3223E5AA28325215004E4D67 /* Frameworks */,
				3223E5AB28325215004E4D67 /* Resources */,
				05A3B959D17F31CB4FFE24DE /* [CP] Embed Pods Frameworks */,
			);
			buildRules = (
			);
			dependencies = (
				3223E5AF28325215004E4D67 /* PBXTargetDependency */,
			);
			name = TestProjectUITests;
			productName = TestProjectUITests;
			productReference = 3223E5AD28325215004E4D67 /* TestProjectUITests.xctest */;
			productType = "com.apple.product-type.bundle.ui-testing";
		};
/* End PBXNativeTarget section */

/* Begin PBXProject section */
		3223E58528325210004E4D67 /* Project object */ = {
			isa = PBXProject;
			attributes = {
				BuildIndependentTargetsInParallel = 1;
				LastSwiftUpdateCheck = 1330;
				LastUpgradeCheck = 1330;
				TargetAttributes = {
					3223E58C28325210004E4D67 = {
						CreatedOnToolsVersion = 13.3.1;
					};
					3223E5A228325215004E4D67 = {
						CreatedOnToolsVersion = 13.3.1;
						TestTargetID = 3223E58C28325210004E4D67;
					};
					3223E5AC28325215004E4D67 = {
						CreatedOnToolsVersion = 13.3.1;
						TestTargetID = 3223E58C28325210004E4D67;
					};
				};
			};
			buildConfigurationList = 3223E58828325210004E4D67 /* Build configuration list for PBXProject "TestProject" */;
			compatibilityVersion = "Xcode 13.0";
			developmentRegion = en;
			hasScannedForEncodings = 0;
			knownRegions = (
				en,
				Base,
			);
			mainGroup = 3223E58428325210004E4D67;
			productRefGroup = 3223E58E28325210004E4D67 /* Products */;
			projectDirPath = "";
			projectRoot = "";
			targets = (
				3223E58C28325210004E4D67 /* TestProject */,
				3223E5A228325215004E4D67 /* TestProjectTests */,
				3223E5AC28325215004E4D67 /* TestProjectUITests */,
			);
		};
/* End PBXProject section */

/* Begin PBXResourcesBuildPhase section */
		3223E58B28325210004E4D67 /* Resources */ = {
			isa = PBXResourcesBuildPhase;
			buildActionMask = 2147483647;
			files = (
				3223E59D28325215004E4D67 /* LaunchScreen.storyboard in Resources */,
				3223E59A28325215004E4D67 /* Assets.xcassets in Resources */,
				3223E60728326DC7004E4D67 /* RestaurantRatingView.xib in Resources */,
				3223E59828325210004E4D67 /* Main.storyboard in Resources */,
			);
			runOnlyForDeploymentPostprocessing = 0;
		};
		3223E5A128325215004E4D67 /* Resources */ = {
			isa = PBXResourcesBuildPhase;
			buildActionMask = 2147483647;
			files = (
			);
			runOnlyForDeploymentPostprocessing = 0;
		};
		3223E5AB28325215004E4D67 /* Resources */ = {
			isa = PBXResourcesBuildPhase;
			buildActionMask = 2147483647;
			files = (
			);
			runOnlyForDeploymentPostprocessing = 0;
		};
/* End PBXResourcesBuildPhase section */

/* Begin PBXShellScriptBuildPhase section */
		05A3B959D17F31CB4FFE24DE /* [CP] Embed Pods Frameworks */ = {
			isa = PBXShellScriptBuildPhase;
			buildActionMask = 2147483647;
			files = (
			);
			inputFileListPaths = (
				"${PODS_ROOT}/Target Support Files/Pods-TestProject-TestProjectUITests/Pods-TestProject-TestProjectUITests-frameworks-${CONFIGURATION}-input-files.xcfilelist",
			);
			name = "[CP] Embed Pods Frameworks";
			outputFileListPaths = (
				"${PODS_ROOT}/Target Support Files/Pods-TestProject-TestProjectUITests/Pods-TestProject-TestProjectUITests-frameworks-${CONFIGURATION}-output-files.xcfilelist",
			);
			runOnlyForDeploymentPostprocessing = 0;
			shellPath = /bin/sh;
			shellScript = "\"${PODS_ROOT}/Target Support Files/Pods-TestProject-TestProjectUITests/Pods-TestProject-TestProjectUITests-frameworks.sh\"\n";
			showEnvVarsInLog = 0;
		};
		4FAC9F9CD50494A7363EA407 /* [CP] Check Pods Manifest.lock */ = {
			isa = PBXShellScriptBuildPhase;
			buildActionMask = 2147483647;
			files = (
			);
			inputFileListPaths = (
			);
			inputPaths = (
				"${PODS_PODFILE_DIR_PATH}/Podfile.lock",
				"${PODS_ROOT}/Manifest.lock",
			);
			name = "[CP] Check Pods Manifest.lock";
			outputFileListPaths = (
			);
			outputPaths = (
				"$(DERIVED_FILE_DIR)/Pods-TestProjectTests-checkManifestLockResult.txt",
			);
			runOnlyForDeploymentPostprocessing = 0;
			shellPath = /bin/sh;
			shellScript = "diff \"${PODS_PODFILE_DIR_PATH}/Podfile.lock\" \"${PODS_ROOT}/Manifest.lock\" > /dev/null\nif [ $? != 0 ] ; then\n    # print error to STDERR\n    echo \"error: The sandbox is not in sync with the Podfile.lock. Run 'pod install' or update your CocoaPods installation.\" >&2\n    exit 1\nfi\n# This output is used by Xcode 'outputs' to avoid re-running this script phase.\necho \"SUCCESS\" > \"${SCRIPT_OUTPUT_FILE_0}\"\n";
			showEnvVarsInLog = 0;
		};
		AB2C765037F381F0BCB38408 /* [CP] Check Pods Manifest.lock */ = {
			isa = PBXShellScriptBuildPhase;
			buildActionMask = 2147483647;
			files = (
			);
			inputFileListPaths = (
			);
			inputPaths = (
				"${PODS_PODFILE_DIR_PATH}/Podfile.lock",
				"${PODS_ROOT}/Manifest.lock",
			);
			name = "[CP] Check Pods Manifest.lock";
			outputFileListPaths = (
			);
			outputPaths = (
				"$(DERIVED_FILE_DIR)/Pods-TestProject-checkManifestLockResult.txt",
			);
			runOnlyForDeploymentPostprocessing = 0;
			shellPath = /bin/sh;
			shellScript = "diff \"${PODS_PODFILE_DIR_PATH}/Podfile.lock\" \"${PODS_ROOT}/Manifest.lock\" > /dev/null\nif [ $? != 0 ] ; then\n    # print error to STDERR\n    echo \"error: The sandbox is not in sync with the Podfile.lock. Run 'pod install' or update your CocoaPods installation.\" >&2\n    exit 1\nfi\n# This output is used by Xcode 'outputs' to avoid re-running this script phase.\necho \"SUCCESS\" > \"${SCRIPT_OUTPUT_FILE_0}\"\n";
			showEnvVarsInLog = 0;
		};
		BFAF4A8BAE3EDD8D18754946 /* [CP] Check Pods Manifest.lock */ = {
			isa = PBXShellScriptBuildPhase;
			buildActionMask = 2147483647;
			files = (
			);
			inputFileListPaths = (
			);
			inputPaths = (
				"${PODS_PODFILE_DIR_PATH}/Podfile.lock",
				"${PODS_ROOT}/Manifest.lock",
			);
			name = "[CP] Check Pods Manifest.lock";
			outputFileListPaths = (
			);
			outputPaths = (
				"$(DERIVED_FILE_DIR)/Pods-TestProject-TestProjectUITests-checkManifestLockResult.txt",
			);
			runOnlyForDeploymentPostprocessing = 0;
			shellPath = /bin/sh;
			shellScript = "diff \"${PODS_PODFILE_DIR_PATH}/Podfile.lock\" \"${PODS_ROOT}/Manifest.lock\" > /dev/null\nif [ $? != 0 ] ; then\n    # print error to STDERR\n    echo \"error: The sandbox is not in sync with the Podfile.lock. Run 'pod install' or update your CocoaPods installation.\" >&2\n    exit 1\nfi\n# This output is used by Xcode 'outputs' to avoid re-running this script phase.\necho \"SUCCESS\" > \"${SCRIPT_OUTPUT_FILE_0}\"\n";
			showEnvVarsInLog = 0;
		};
		EAF969EB9A61D55EEEABA078 /* [CP] Embed Pods Frameworks */ = {
			isa = PBXShellScriptBuildPhase;
			buildActionMask = 2147483647;
			files = (
			);
			inputFileListPaths = (
				"${PODS_ROOT}/Target Support Files/Pods-TestProject/Pods-TestProject-frameworks-${CONFIGURATION}-input-files.xcfilelist",
			);
			name = "[CP] Embed Pods Frameworks";
			outputFileListPaths = (
				"${PODS_ROOT}/Target Support Files/Pods-TestProject/Pods-TestProject-frameworks-${CONFIGURATION}-output-files.xcfilelist",
			);
			runOnlyForDeploymentPostprocessing = 0;
			shellPath = /bin/sh;
			shellScript = "\"${PODS_ROOT}/Target Support Files/Pods-TestProject/Pods-TestProject-frameworks.sh\"\n";
			showEnvVarsInLog = 0;
		};
/* End PBXShellScriptBuildPhase section */

/* Begin PBXSourcesBuildPhase section */
		3223E58928325210004E4D67 /* Sources */ = {
			isa = PBXSourcesBuildPhase;
			buildActionMask = 2147483647;
			files = (
				3223E5CD283258BF004E4D67 /* Restaurant.swift in Sources */,
				3223E5E5283264BA004E4D67 /* RestaurantPresenter.swift in Sources */,
				3223E5F92832692F004E4D67 /* RestaurantGalleryCollectionViewCell.swift in Sources */,
				3223E5C9283257FA004E4D67 /* RestaurantsLocation.swift in Sources */,
				3223E5C528325314004E4D67 /* RestaurantsViewController.swift in Sources */,
				3223E60128326A01004E4D67 /* RestaurantCollectionViewCell.swift in Sources */,
				3223E5E828326505004E4D67 /* RestaurantReview.swift in Sources */,
				3223E5F7283268FE004E4D67 /* RestaurantGalleryView.swift in Sources */,
				3223E5F32832689F004E4D67 /* RestaurantRatingView.swift in Sources */,
				3223E5C328325314004E4D67 /* RestaurantsPresenter.swift in Sources */,
				3223E5C7283257E0004E4D67 /* RestaurantRestaurant.swift in Sources */,
				3223E5CB2832584A004E4D67 /* ActivityView.swift in Sources */,
				3223E5F5283268DA004E4D67 /* RestaurantReviewView.swift in Sources */,
				3223E59128325210004E4D67 /* AppDelegate.swift in Sources */,
				3223E5D1283259B9004E4D67 /* RestaurantUserLocation.swift in Sources */,
				3223E59328325210004E4D67 /* SceneDelegate.swift in Sources */,
				3223E5CF28325910004E4D67 /* RestaurantsRestaurant.swift in Sources */,
				3223E5FB2832695C004E4D67 /* RestaurantExitView.swift in Sources */,
				3223E5EA2832653A004E4D67 /* RestaurantNews.swift in Sources */,
				3223E5D528325A53004E4D67 /* ModelHelper.swift in Sources */,
				3223E5D928325AED004E4D67 /* InvitedOrder.swift in Sources */,
				3223E5DF28325F56004E4D67 /* ServerManagerResult.swift in Sources */,
				3223E5FD2832697D004E4D67 /* ActionSheetView.swift in Sources */,
				3223E60528326D60004E4D67 /* RestaurantReviewCollectionViewCell.swift in Sources */,
				3223E5D728325AA0004E4D67 /* Order.swift in Sources */,
				3223E5EC2832655F004E4D67 /* News.swift in Sources */,
				3223E5C428325314004E4D67 /* RestaurantsTableViewCell.swift in Sources */,
				3223E5E328326456004E4D67 /* RestaurantViewController.swift in Sources */,
				3223E5E128325FB4004E4D67 /* LoadedDataManager.swift in Sources */,
				3223E5DB28325BCC004E4D67 /* Scalable.swift in Sources */,
				3223E60328326A62004E4D67 /* UIView+Extension.swift in Sources */,
				3223E5DD28325D8C004E4D67 /* ServerManager.swift in Sources */,
				3223E5D328325A1C004E4D67 /* DeliveryOrder.swift in Sources */,
				3223E5F128326763004E4D67 /* Comment.swift in Sources */,
				3223E5EE283265B7004E4D67 /* RestaurantCollectionItem.swift in Sources */,
			);
			runOnlyForDeploymentPostprocessing = 0;
		};
		3223E59F28325215004E4D67 /* Sources */ = {
			isa = PBXSourcesBuildPhase;
			buildActionMask = 2147483647;
			files = (
				3223E5A828325215004E4D67 /* TestProjectTests.swift in Sources */,
			);
			runOnlyForDeploymentPostprocessing = 0;
		};
		3223E5A928325215004E4D67 /* Sources */ = {
			isa = PBXSourcesBuildPhase;
			buildActionMask = 2147483647;
			files = (
				3223E5B428325215004E4D67 /* TestProjectUITestsLaunchTests.swift in Sources */,
				3223E5B228325215004E4D67 /* TestProjectUITests.swift in Sources */,
			);
			runOnlyForDeploymentPostprocessing = 0;
		};
/* End PBXSourcesBuildPhase section */

/* Begin PBXTargetDependency section */
		3223E5A528325215004E4D67 /* PBXTargetDependency */ = {
			isa = PBXTargetDependency;
			target = 3223E58C28325210004E4D67 /* TestProject */;
			targetProxy = 3223E5A428325215004E4D67 /* PBXContainerItemProxy */;
		};
		3223E5AF28325215004E4D67 /* PBXTargetDependency */ = {
			isa = PBXTargetDependency;
			target = 3223E58C28325210004E4D67 /* TestProject */;
			targetProxy = 3223E5AE28325215004E4D67 /* PBXContainerItemProxy */;
		};
/* End PBXTargetDependency section */

/* Begin PBXVariantGroup section */
		3223E59628325210004E4D67 /* Main.storyboard */ = {
			isa = PBXVariantGroup;
			children = (
				3223E59728325210004E4D67 /* Base */,
			);
			name = Main.storyboard;
			sourceTree = "<group>";
		};
		3223E59B28325215004E4D67 /* LaunchScreen.storyboard */ = {
			isa = PBXVariantGroup;
			children = (
				3223E59C28325215004E4D67 /* Base */,
			);
			name = LaunchScreen.storyboard;
			sourceTree = "<group>";
		};
/* End PBXVariantGroup section */

/* Begin XCBuildConfiguration section */
		3223E5B528325215004E4D67 /* Debug */ = {
			isa = XCBuildConfiguration;
			buildSettings = {
				ALWAYS_SEARCH_USER_PATHS = NO;
				CLANG_ANALYZER_NONNULL = YES;
				CLANG_ANALYZER_NUMBER_OBJECT_CONVERSION = YES_AGGRESSIVE;
				CLANG_CXX_LANGUAGE_STANDARD = "gnu++17";
				CLANG_ENABLE_MODULES = YES;
				CLANG_ENABLE_OBJC_ARC = YES;
				CLANG_ENABLE_OBJC_WEAK = YES;
				CLANG_WARN_BLOCK_CAPTURE_AUTORELEASING = YES;
				CLANG_WARN_BOOL_CONVERSION = YES;
				CLANG_WARN_COMMA = YES;
				CLANG_WARN_CONSTANT_CONVERSION = YES;
				CLANG_WARN_DEPRECATED_OBJC_IMPLEMENTATIONS = YES;
				CLANG_WARN_DIRECT_OBJC_ISA_USAGE = YES_ERROR;
				CLANG_WARN_DOCUMENTATION_COMMENTS = YES;
				CLANG_WARN_EMPTY_BODY = YES;
				CLANG_WARN_ENUM_CONVERSION = YES;
				CLANG_WARN_INFINITE_RECURSION = YES;
				CLANG_WARN_INT_CONVERSION = YES;
				CLANG_WARN_NON_LITERAL_NULL_CONVERSION = YES;
				CLANG_WARN_OBJC_IMPLICIT_RETAIN_SELF = YES;
				CLANG_WARN_OBJC_LITERAL_CONVERSION = YES;
				CLANG_WARN_OBJC_ROOT_CLASS = YES_ERROR;
				CLANG_WARN_QUOTED_INCLUDE_IN_FRAMEWORK_HEADER = YES;
				CLANG_WARN_RANGE_LOOP_ANALYSIS = YES;
				CLANG_WARN_STRICT_PROTOTYPES = YES;
				CLANG_WARN_SUSPICIOUS_MOVE = YES;
				CLANG_WARN_UNGUARDED_AVAILABILITY = YES_AGGRESSIVE;
				CLANG_WARN_UNREACHABLE_CODE = YES;
				CLANG_WARN__DUPLICATE_METHOD_MATCH = YES;
				COPY_PHASE_STRIP = NO;
				DEBUG_INFORMATION_FORMAT = dwarf;
				ENABLE_STRICT_OBJC_MSGSEND = YES;
				ENABLE_TESTABILITY = YES;
				GCC_C_LANGUAGE_STANDARD = gnu11;
				GCC_DYNAMIC_NO_PIC = NO;
				GCC_NO_COMMON_BLOCKS = YES;
				GCC_OPTIMIZATION_LEVEL = 0;
				GCC_PREPROCESSOR_DEFINITIONS = (
					"DEBUG=1",
					"$(inherited)",
				);
				GCC_WARN_64_TO_32_BIT_CONVERSION = YES;
				GCC_WARN_ABOUT_RETURN_TYPE = YES_ERROR;
				GCC_WARN_UNDECLARED_SELECTOR = YES;
				GCC_WARN_UNINITIALIZED_AUTOS = YES_AGGRESSIVE;
				GCC_WARN_UNUSED_FUNCTION = YES;
				GCC_WARN_UNUSED_VARIABLE = YES;
				IPHONEOS_DEPLOYMENT_TARGET = 15.4;
				MTL_ENABLE_DEBUG_INFO = INCLUDE_SOURCE;
				MTL_FAST_MATH = YES;
				ONLY_ACTIVE_ARCH = YES;
				SDKROOT = iphoneos;
				SWIFT_ACTIVE_COMPILATION_CONDITIONS = DEBUG;
				SWIFT_OPTIMIZATION_LEVEL = "-Onone";
			};
			name = Debug;
		};
		3223E5B628325215004E4D67 /* Release */ = {
			isa = XCBuildConfiguration;
			buildSettings = {
				ALWAYS_SEARCH_USER_PATHS = NO;
				CLANG_ANALYZER_NONNULL = YES;
				CLANG_ANALYZER_NUMBER_OBJECT_CONVERSION = YES_AGGRESSIVE;
				CLANG_CXX_LANGUAGE_STANDARD = "gnu++17";
				CLANG_ENABLE_MODULES = YES;
				CLANG_ENABLE_OBJC_ARC = YES;
				CLANG_ENABLE_OBJC_WEAK = YES;
				CLANG_WARN_BLOCK_CAPTURE_AUTORELEASING = YES;
				CLANG_WARN_BOOL_CONVERSION = YES;
				CLANG_WARN_COMMA = YES;
				CLANG_WARN_CONSTANT_CONVERSION = YES;
				CLANG_WARN_DEPRECATED_OBJC_IMPLEMENTATIONS = YES;
				CLANG_WARN_DIRECT_OBJC_ISA_USAGE = YES_ERROR;
				CLANG_WARN_DOCUMENTATION_COMMENTS = YES;
				CLANG_WARN_EMPTY_BODY = YES;
				CLANG_WARN_ENUM_CONVERSION = YES;
				CLANG_WARN_INFINITE_RECURSION = YES;
				CLANG_WARN_INT_CONVERSION = YES;
				CLANG_WARN_NON_LITERAL_NULL_CONVERSION = YES;
				CLANG_WARN_OBJC_IMPLICIT_RETAIN_SELF = YES;
				CLANG_WARN_OBJC_LITERAL_CONVERSION = YES;
				CLANG_WARN_OBJC_ROOT_CLASS = YES_ERROR;
				CLANG_WARN_QUOTED_INCLUDE_IN_FRAMEWORK_HEADER = YES;
				CLANG_WARN_RANGE_LOOP_ANALYSIS = YES;
				CLANG_WARN_STRICT_PROTOTYPES = YES;
				CLANG_WARN_SUSPICIOUS_MOVE = YES;
				CLANG_WARN_UNGUARDED_AVAILABILITY = YES_AGGRESSIVE;
				CLANG_WARN_UNREACHABLE_CODE = YES;
				CLANG_WARN__DUPLICATE_METHOD_MATCH = YES;
				COPY_PHASE_STRIP = NO;
				DEBUG_INFORMATION_FORMAT = "dwarf-with-dsym";
				ENABLE_NS_ASSERTIONS = NO;
				ENABLE_STRICT_OBJC_MSGSEND = YES;
				GCC_C_LANGUAGE_STANDARD = gnu11;
				GCC_NO_COMMON_BLOCKS = YES;
				GCC_WARN_64_TO_32_BIT_CONVERSION = YES;
				GCC_WARN_ABOUT_RETURN_TYPE = YES_ERROR;
				GCC_WARN_UNDECLARED_SELECTOR = YES;
				GCC_WARN_UNINITIALIZED_AUTOS = YES_AGGRESSIVE;
				GCC_WARN_UNUSED_FUNCTION = YES;
				GCC_WARN_UNUSED_VARIABLE = YES;
				IPHONEOS_DEPLOYMENT_TARGET = 15.4;
				MTL_ENABLE_DEBUG_INFO = NO;
				MTL_FAST_MATH = YES;
				SDKROOT = iphoneos;
				SWIFT_COMPILATION_MODE = wholemodule;
				SWIFT_OPTIMIZATION_LEVEL = "-O";
				VALIDATE_PRODUCT = YES;
			};
			name = Release;
		};
		3223E5B828325215004E4D67 /* Debug */ = {
			isa = XCBuildConfiguration;
			baseConfigurationReference = B9BA83BA7CE66BD988658A91 /* Pods-TestProject.debug.xcconfig */;
			buildSettings = {
				ASSETCATALOG_COMPILER_APPICON_NAME = AppIcon;
				ASSETCATALOG_COMPILER_GLOBAL_ACCENT_COLOR_NAME = AccentColor;
				CODE_SIGN_STYLE = Automatic;
				CURRENT_PROJECT_VERSION = 1;
				DEVELOPMENT_TEAM = 7J3KG597XC;
				GENERATE_INFOPLIST_FILE = YES;
				INFOPLIST_FILE = TestProject/Info.plist;
				INFOPLIST_KEY_UIApplicationSupportsIndirectInputEvents = YES;
				INFOPLIST_KEY_UILaunchStoryboardName = LaunchScreen;
				INFOPLIST_KEY_UIMainStoryboardFile = Main;
				INFOPLIST_KEY_UISupportedInterfaceOrientations_iPad = "UIInterfaceOrientationPortrait UIInterfaceOrientationPortraitUpsideDown UIInterfaceOrientationLandscapeLeft UIInterfaceOrientationLandscapeRight";
				INFOPLIST_KEY_UISupportedInterfaceOrientations_iPhone = "UIInterfaceOrientationPortrait UIInterfaceOrientationLandscapeLeft UIInterfaceOrientationLandscapeRight";
				IPHONEOS_DEPLOYMENT_TARGET = 13.0;
				LD_RUNPATH_SEARCH_PATHS = (
					"$(inherited)",
					"@executable_path/Frameworks",
				);
				MARKETING_VERSION = 1.0;
				PRODUCT_BUNDLE_IDENTIFIER = com.ITPromotion.TestProject;
				PRODUCT_NAME = "$(TARGET_NAME)";
				SWIFT_EMIT_LOC_STRINGS = YES;
				SWIFT_VERSION = 5.0;
				TARGETED_DEVICE_FAMILY = 1;
			};
			name = Debug;
		};
		3223E5B928325215004E4D67 /* Release */ = {
			isa = XCBuildConfiguration;
			baseConfigurationReference = F345C80720C9B42FE9A1E239 /* Pods-TestProject.release.xcconfig */;
			buildSettings = {
				ASSETCATALOG_COMPILER_APPICON_NAME = AppIcon;
				ASSETCATALOG_COMPILER_GLOBAL_ACCENT_COLOR_NAME = AccentColor;
				CODE_SIGN_STYLE = Automatic;
				CURRENT_PROJECT_VERSION = 1;
				DEVELOPMENT_TEAM = 7J3KG597XC;
				GENERATE_INFOPLIST_FILE = YES;
				INFOPLIST_FILE = TestProject/Info.plist;
				INFOPLIST_KEY_UIApplicationSupportsIndirectInputEvents = YES;
				INFOPLIST_KEY_UILaunchStoryboardName = LaunchScreen;
				INFOPLIST_KEY_UIMainStoryboardFile = Main;
				INFOPLIST_KEY_UISupportedInterfaceOrientations_iPad = "UIInterfaceOrientationPortrait UIInterfaceOrientationPortraitUpsideDown UIInterfaceOrientationLandscapeLeft UIInterfaceOrientationLandscapeRight";
				INFOPLIST_KEY_UISupportedInterfaceOrientations_iPhone = "UIInterfaceOrientationPortrait UIInterfaceOrientationLandscapeLeft UIInterfaceOrientationLandscapeRight";
				IPHONEOS_DEPLOYMENT_TARGET = 13.0;
				LD_RUNPATH_SEARCH_PATHS = (
					"$(inherited)",
					"@executable_path/Frameworks",
				);
				MARKETING_VERSION = 1.0;
				PRODUCT_BUNDLE_IDENTIFIER = com.ITPromotion.TestProject;
				PRODUCT_NAME = "$(TARGET_NAME)";
				SWIFT_EMIT_LOC_STRINGS = YES;
				SWIFT_VERSION = 5.0;
				TARGETED_DEVICE_FAMILY = 1;
			};
			name = Release;
		};
		3223E5BB28325215004E4D67 /* Debug */ = {
			isa = XCBuildConfiguration;
			baseConfigurationReference = A76090EB66C9727EEA196F49 /* Pods-TestProjectTests.debug.xcconfig */;
			buildSettings = {
				ALWAYS_EMBED_SWIFT_STANDARD_LIBRARIES = YES;
				BUNDLE_LOADER = "$(TEST_HOST)";
				CODE_SIGN_STYLE = Automatic;
				CURRENT_PROJECT_VERSION = 1;
				DEVELOPMENT_TEAM = 7J3KG597XC;
				GENERATE_INFOPLIST_FILE = YES;
				IPHONEOS_DEPLOYMENT_TARGET = 15.4;
				MARKETING_VERSION = 1.0;
				PRODUCT_BUNDLE_IDENTIFIER = com.ITPromotion.TestProjectTests;
				PRODUCT_NAME = "$(TARGET_NAME)";
				SWIFT_EMIT_LOC_STRINGS = NO;
				SWIFT_VERSION = 5.0;
				TARGETED_DEVICE_FAMILY = "1,2";
				TEST_HOST = "$(BUILT_PRODUCTS_DIR)/TestProject.app/TestProject";
			};
			name = Debug;
		};
		3223E5BC28325215004E4D67 /* Release */ = {
			isa = XCBuildConfiguration;
			baseConfigurationReference = 52746EE82BD55FAAFBC51A03 /* Pods-TestProjectTests.release.xcconfig */;
			buildSettings = {
				ALWAYS_EMBED_SWIFT_STANDARD_LIBRARIES = YES;
				BUNDLE_LOADER = "$(TEST_HOST)";
				CODE_SIGN_STYLE = Automatic;
				CURRENT_PROJECT_VERSION = 1;
				DEVELOPMENT_TEAM = 7J3KG597XC;
				GENERATE_INFOPLIST_FILE = YES;
				IPHONEOS_DEPLOYMENT_TARGET = 15.4;
				MARKETING_VERSION = 1.0;
				PRODUCT_BUNDLE_IDENTIFIER = com.ITPromotion.TestProjectTests;
				PRODUCT_NAME = "$(TARGET_NAME)";
				SWIFT_EMIT_LOC_STRINGS = NO;
				SWIFT_VERSION = 5.0;
				TARGETED_DEVICE_FAMILY = "1,2";
				TEST_HOST = "$(BUILT_PRODUCTS_DIR)/TestProject.app/TestProject";
			};
			name = Release;
		};
		3223E5BE28325215004E4D67 /* Debug */ = {
			isa = XCBuildConfiguration;
			baseConfigurationReference = 0C62E823812819A99E7867CD /* Pods-TestProject-TestProjectUITests.debug.xcconfig */;
			buildSettings = {
				ALWAYS_EMBED_SWIFT_STANDARD_LIBRARIES = YES;
				CODE_SIGN_STYLE = Automatic;
				CURRENT_PROJECT_VERSION = 1;
				DEVELOPMENT_TEAM = 7J3KG597XC;
				GENERATE_INFOPLIST_FILE = YES;
				MARKETING_VERSION = 1.0;
				PRODUCT_BUNDLE_IDENTIFIER = com.ITPromotion.TestProjectUITests;
				PRODUCT_NAME = "$(TARGET_NAME)";
				SWIFT_EMIT_LOC_STRINGS = NO;
				SWIFT_VERSION = 5.0;
				TARGETED_DEVICE_FAMILY = "1,2";
				TEST_TARGET_NAME = TestProject;
			};
			name = Debug;
		};
		3223E5BF28325215004E4D67 /* Release */ = {
			isa = XCBuildConfiguration;
			baseConfigurationReference = 67A674C72C51F92347CFC343 /* Pods-TestProject-TestProjectUITests.release.xcconfig */;
			buildSettings = {
				ALWAYS_EMBED_SWIFT_STANDARD_LIBRARIES = YES;
				CODE_SIGN_STYLE = Automatic;
				CURRENT_PROJECT_VERSION = 1;
				DEVELOPMENT_TEAM = 7J3KG597XC;
				GENERATE_INFOPLIST_FILE = YES;
				MARKETING_VERSION = 1.0;
				PRODUCT_BUNDLE_IDENTIFIER = com.ITPromotion.TestProjectUITests;
				PRODUCT_NAME = "$(TARGET_NAME)";
				SWIFT_EMIT_LOC_STRINGS = NO;
				SWIFT_VERSION = 5.0;
				TARGETED_DEVICE_FAMILY = "1,2";
				TEST_TARGET_NAME = TestProject;
			};
			name = Release;
		};
/* End XCBuildConfiguration section */

/* Begin XCConfigurationList section */
		3223E58828325210004E4D67 /* Build configuration list for PBXProject "TestProject" */ = {
			isa = XCConfigurationList;
			buildConfigurations = (
				3223E5B528325215004E4D67 /* Debug */,
				3223E5B628325215004E4D67 /* Release */,
			);
			defaultConfigurationIsVisible = 0;
			defaultConfigurationName = Release;
		};
		3223E5B728325215004E4D67 /* Build configuration list for PBXNativeTarget "TestProject" */ = {
			isa = XCConfigurationList;
			buildConfigurations = (
				3223E5B828325215004E4D67 /* Debug */,
				3223E5B928325215004E4D67 /* Release */,
			);
			defaultConfigurationIsVisible = 0;
			defaultConfigurationName = Release;
		};
		3223E5BA28325215004E4D67 /* Build configuration list for PBXNativeTarget "TestProjectTests" */ = {
			isa = XCConfigurationList;
			buildConfigurations = (
				3223E5BB28325215004E4D67 /* Debug */,
				3223E5BC28325215004E4D67 /* Release */,
			);
			defaultConfigurationIsVisible = 0;
			defaultConfigurationName = Release;
		};
		3223E5BD28325215004E4D67 /* Build configuration list for PBXNativeTarget "TestProjectUITests" */ = {
			isa = XCConfigurationList;
			buildConfigurations = (
				3223E5BE28325215004E4D67 /* Debug */,
				3223E5BF28325215004E4D67 /* Release */,
			);
			defaultConfigurationIsVisible = 0;
			defaultConfigurationName = Release;
		};
/* End XCConfigurationList section */
	};
	rootObject = 3223E58528325210004E4D67 /* Project object */;
}
